PODS:
  - Branch (0.33.1):
    - Branch/Core (= 0.33.1)
  - Branch/Core (0.33.1)
  - SnapKit (5.0.1)

DEPENDENCIES:
  - Branch
  - SnapKit

SPEC REPOS:
  trunk:
    - Branch
    - SnapKit

SPEC CHECKSUMS:
  Branch: 65d05ffb137ef504777cff6bd4fb6f770f17145a
  SnapKit: 97b92857e3df3a0c71833cce143274bf6ef8e5eb

PODFILE CHECKSUM: c669949043ff2d90ee7efde1473c6a41adac5776

COCOAPODS: 1.9.1
